
Microsoft Visual Studio Solution File, Format Version 12.00
# Visual Studio 15
VisualStudioVersion = 15.0.27703.2000
MinimumVisualStudioVersion = 10.0.40219.1
Project("{8BC9CEB8-8B4A-11D0-8D11-00A0C91BC942}") = "RPSGameShared", "RPSGameShared\RPSGameShared.vcxitems", "{94FEBD3C-CEE3-493E-B49B-056D694A540E}"
EndProject
Project("{8BC9CEB8-8B4A-11D0-8D11-00A0C91BC942}") = "RPSGame_Windows", "RPSGame_Windows\RPSGame_Windows.vcxproj", "{F8B61059-D5E5-478A-8A0B-A5F82B1C3C62}"
EndProject
Project("{8BC9CEB8-8B4A-11D0-8D11-00A0C91BC942}") = "RPSGame_Linux", "RPSGame_Linux\RPSGame_Linux.vcxproj", "{DE545B45-9C58-4F1D-A564-4EF68E9D7511}"
EndProject
Global
	GlobalSection(SharedMSBuildProjectFiles) = preSolution
		RPSGameShared\RPSGameShared.vcxitems*{94febd3c-cee3-493e-b49b-056d694a540e}*SharedItemsImports = 9
		RPSGameShared\RPSGameShared.vcxitems*{de545b45-9c58-4f1d-a564-4ef68e9d7511}*SharedItemsImports = 4
		RPSGameShared\RPSGameShared.vcxitems*{f8b61059-d5e5-478a-8a0b-a5f82b1c3c62}*SharedItemsImports = 4
	EndGlobalSection
	GlobalSection(SolutionConfigurationPlatforms) = preSolution
		Debug|ARM = Debug|ARM
		Debug|x64 = Debug|x64
		Debug|x86 = Debug|x86
		Release|ARM = Release|ARM
		Release|x64 = Release|x64
		Release|x86 = Release|x86
	EndGlobalSection
	GlobalSection(ProjectConfigurationPlatforms) = postSolution
		{F8B61059-D5E5-478A-8A0B-A5F82B1C3C62}.Debug|ARM.ActiveCfg = Debug|Win32
		{F8B61059-D5E5-478A-8A0B-A5F82B1C3C62}.Debug|x64.ActiveCfg = Debug|x64
		{F8B61059-D5E5-478A-8A0B-A5F82B1C3C62}.Debug|x64.Build.0 = Debug|x64
		{F8B61059-D5E5-478A-8A0B-A5F82B1C3C62}.Debug|x86.ActiveCfg = Debug|x64
		{F8B61059-D5E5-478A-8A0B-A5F82B1C3C62}.Debug|x86.Build.0 = Debug|x64
		{F8B61059-D5E5-478A-8A0B-A5F82B1C3C62}.Release|ARM.ActiveCfg = Release|Win32
		{F8B61059-D5E5-478A-8A0B-A5F82B1C3C62}.Release|x64.ActiveCfg = Release|x64
		{F8B61059-D5E5-478A-8A0B-A5F82B1C3C62}.Release|x64.Build.0 = Release|x64
		{F8B61059-D5E5-478A-8A0B-A5F82B1C3C62}.Release|x86.ActiveCfg = Release|Win32
		{F8B61059-D5E5-478A-8A0B-A5F82B1C3C62}.Release|x86.Build.0 = Release|Win32
		{DE545B45-9C58-4F1D-A564-4EF68E9D7511}.Debug|ARM.ActiveCfg = Debug|ARM
		{DE545B45-9C58-4F1D-A564-4EF68E9D7511}.Debug|ARM.Build.0 = Debug|ARM
		{DE545B45-9C58-4F1D-A564-4EF68E9D7511}.Debug|x64.ActiveCfg = Debug|x64
		{DE545B45-9C58-4F1D-A564-4EF68E9D7511}.Debug|x64.Build.0 = Debug|x64
		{DE545B45-9C58-4F1D-A564-4EF68E9D7511}.Debug|x86.ActiveCfg = Debug|x64
		{DE545B45-9C58-4F1D-A564-4EF68E9D7511}.Debug|x86.Build.0 = Debug|x64
		{DE545B45-9C58-4F1D-A564-4EF68E9D7511}.Release|ARM.ActiveCfg = Release|ARM
		{DE545B45-9C58-4F1D-A564-4EF68E9D7511}.Release|ARM.Build.0 = Release|ARM
		{DE545B45-9C58-4F1D-A564-4EF68E9D7511}.Release|x64.ActiveCfg = Release|x64
		{DE545B45-9C58-4F1D-A564-4EF68E9D7511}.Release|x64.Build.0 = Release|x64
		{DE545B45-9C58-4F1D-A564-4EF68E9D7511}.Release|x86.ActiveCfg = Release|x86
		{DE545B45-9C58-4F1D-A564-4EF68E9D7511}.Release|x86.Build.0 = Release|x86
	EndGlobalSection
	GlobalSection(SolutionProperties) = preSolution
		HideSolutionNode = FALSE
	EndGlobalSection
	GlobalSection(ExtensibilityGlobals) = postSolution
		SolutionGuid = {702409A9-4F32-41FA-BD80-01550888C254}
	EndGlobalSection
EndGlobal
