
Microsoft Visual Studio Solution File, Format Version 12.00
# Visual Studio 15
VisualStudioVersion = 15.0.27703.2018
MinimumVisualStudioVersion = 10.0.40219.1
Project("{8BC9CEB8-8B4A-11D0-8D11-00A0C91BC942}") = "RPSGame.Shared", "RPSGame.Shared.vcxitems", "{9DE62972-8A37-43C2-B3F2-C982332D0949}"
EndProject
Project("{8BC9CEB8-8B4A-11D0-8D11-00A0C91BC942}") = "RPSGame.windows", "RPSGame.windows.vcxproj", "{8D4F76C8-CB50-4F67-BD05-082D569D56BA}"
EndProject
Project("{8BC9CEB8-8B4A-11D0-8D11-00A0C91BC942}") = "RPSGame.linux", "RPSGame.linux.vcxproj", "{46742E5D-5499-47AA-BF97-92A61D178250}"
EndProject
Global
	GlobalSection(SharedMSBuildProjectFiles) = preSolution
		RPSGame.Shared.vcxitems*{46742e5d-5499-47aa-bf97-92a61d178250}*SharedItemsImports = 4
		RPSGame.Shared.vcxitems*{8d4f76c8-cb50-4f67-bd05-082d569d56ba}*SharedItemsImports = 4
		RPSGame.Shared.vcxitems*{9de62972-8a37-43c2-b3f2-c982332d0949}*SharedItemsImports = 9
	EndGlobalSection
	GlobalSection(SolutionConfigurationPlatforms) = preSolution
		Debug|ARM = Debug|ARM
		Debug|x64 = Debug|x64
		Debug|x86 = Debug|x86
		Release|ARM = Release|ARM
		Release|x64 = Release|x64
		Release|x86 = Release|x86
	EndGlobalSection
	GlobalSection(ProjectConfigurationPlatforms) = postSolution
		{8D4F76C8-CB50-4F67-BD05-082D569D56BA}.Debug|ARM.ActiveCfg = Debug|Win32
		{8D4F76C8-CB50-4F67-BD05-082D569D56BA}.Debug|x64.ActiveCfg = Debug|x64
		{8D4F76C8-CB50-4F67-BD05-082D569D56BA}.Debug|x64.Build.0 = Debug|x64
		{8D4F76C8-CB50-4F67-BD05-082D569D56BA}.Debug|x86.ActiveCfg = Debug|Win32
		{8D4F76C8-CB50-4F67-BD05-082D569D56BA}.Debug|x86.Build.0 = Debug|Win32
		{8D4F76C8-CB50-4F67-BD05-082D569D56BA}.Release|ARM.ActiveCfg = Release|Win32
		{8D4F76C8-CB50-4F67-BD05-082D569D56BA}.Release|x64.ActiveCfg = Release|x64
		{8D4F76C8-CB50-4F67-BD05-082D569D56BA}.Release|x64.Build.0 = Release|x64
		{8D4F76C8-CB50-4F67-BD05-082D569D56BA}.Release|x86.ActiveCfg = Release|Win32
		{8D4F76C8-CB50-4F67-BD05-082D569D56BA}.Release|x86.Build.0 = Release|Win32
		{46742E5D-5499-47AA-BF97-92A61D178250}.Debug|ARM.ActiveCfg = Debug|ARM
		{46742E5D-5499-47AA-BF97-92A61D178250}.Debug|ARM.Build.0 = Debug|ARM
		{46742E5D-5499-47AA-BF97-92A61D178250}.Debug|x64.ActiveCfg = Debug|x64
		{46742E5D-5499-47AA-BF97-92A61D178250}.Debug|x64.Build.0 = Debug|x64
		{46742E5D-5499-47AA-BF97-92A61D178250}.Debug|x86.ActiveCfg = Debug|x86
		{46742E5D-5499-47AA-BF97-92A61D178250}.Debug|x86.Build.0 = Debug|x86
		{46742E5D-5499-47AA-BF97-92A61D178250}.Release|ARM.ActiveCfg = Release|ARM
		{46742E5D-5499-47AA-BF97-92A61D178250}.Release|ARM.Build.0 = Release|ARM
		{46742E5D-5499-47AA-BF97-92A61D178250}.Release|x64.ActiveCfg = Release|x64
		{46742E5D-5499-47AA-BF97-92A61D178250}.Release|x64.Build.0 = Release|x64
		{46742E5D-5499-47AA-BF97-92A61D178250}.Release|x86.ActiveCfg = Release|x86
		{46742E5D-5499-47AA-BF97-92A61D178250}.Release|x86.Build.0 = Release|x86
	EndGlobalSection
	GlobalSection(SolutionProperties) = preSolution
		HideSolutionNode = FALSE
	EndGlobalSection
	GlobalSection(ExtensibilityGlobals) = postSolution
		SolutionGuid = {B6443D2C-80A2-4F6F-B2F4-FB326221DF74}
	EndGlobalSection
EndGlobal
